{
  "lockfile_version": "1",
  "packages": {
    "git@latest": {
      "last_modified": "2025-05-17T07:32:44Z",
      "resolved": "github:NixOS/nixpkgs/3fcbdcfc707e0aa42c541b7743e05820472bdaec#git",
      "source": "devbox-search",
      "version": "2.49.0",
      "systems": {
        "aarch64-darwin": {
          "outputs": [
            {
              "name": "out",
              "path": "/nix/store/9pa6rygnkrdp03j4ba0w6yb5qid5x3qb-git-2.49.0",
              "default": true
            },
            {
              "name": "doc",
              "path": "/nix/store/4a1f3ymqasdx2sfwn615n6x6z15qk5nd-git-2.49.0-doc"
            }
          ],
          "store_path": "/nix/store/9pa6rygnkrdp03j4ba0w6yb5qid5x3qb-git-2.49.0"
        },
        "aarch64-linux": {
          "outputs": [
            {
              "name": "out",
              "path": "/nix/store/bqk89pw1wmjzrqi20vqz194ylfhl5cnm-git-2.49.0",
              "default": true
            },
            {
              "name": "doc",
              "path": "/nix/store/ll9hlbwp3vvihpx2p2g7mykrl2a4snk4-git-2.49.0-doc"
            },
            {
              "name": "debug",
              "path": "/nix/store/ypv73aihzciz9x12imf5dvz4qkn4wakd-git-2.49.0-debug"
            }
          ],
          "store_path": "/nix/store/bqk89pw1wmjzrqi20vqz194ylfhl5cnm-git-2.49.0"
        },
        "x86_64-darwin": {
          "outputs": [
            {
              "name": "out",
              "path": "/nix/store/38kaic6dax0nkj4xwnyysmlwzdlrfdfr-git-2.49.0",
              "default": true
            },
            {
              "name": "doc",
              "path": "/nix/store/0544ir9xg154jsb00i0881ggpafyw4nc-git-2.49.0-doc"
            }
          ],
          "store_path": "/nix/store/38kaic6dax0nkj4xwnyysmlwzdlrfdfr-git-2.49.0"
        },
        "x86_64-linux": {
          "outputs": [
            {
              "name": "out",
              "path": "/nix/store/805a5wv1cyah5awij184yfad1ksmbh9f-git-2.49.0",
              "default": true
            },
            {
              "name": "debug",
              "path": "/nix/store/6nibw5w4xay921qx7lp74bs10qsqp0g9-git-2.49.0-debug"
            },
            {
              "name": "doc",
              "path": "/nix/store/7dfxlvdhr5g57b1v8gxwpa2gs7i9g3y5-git-2.49.0-doc"
            }
          ],
          "store_path": "/nix/store/805a5wv1cyah5awij184yfad1ksmbh9f-git-2.49.0"
        }
      }
    },
    "github:NixOS/nixpkgs/nixpkgs-unstable": {
      "last_modified": "2025-05-17T07:32:44Z",
      "resolved": "github:NixOS/nixpkgs/3fcbdcfc707e0aa42c541b7743e05820472bdaec?lastModified=1747467164&narHash=sha256-JBXbjJ0t6T6BbVc9iPVquQI9XSXCGQJD8c8SgnUquus%3D"
    },
    "go@1.24.1": {
      "last_modified": "2025-03-23T05:31:05Z",
      "resolved": "github:NixOS/nixpkgs/dd613136ee91f67e5dba3f3f41ac99ae89c5406b#go",
      "source": "devbox-search",
      "version": "1.24.1",
      "systems": {
        "aarch64-darwin": {
          "outputs": [
            {
              "name": "out",
              "path": "/nix/store/ja4jxx60lh1qfqfl4z4p2rff56ia1c3c-go-1.24.1",
              "default": true
            }
          ],
          "store_path": "/nix/store/ja4jxx60lh1qfqfl4z4p2rff56ia1c3c-go-1.24.1"
        },
        "aarch64-linux": {
          "outputs": [
            {
              "name": "out",
              "path": "/nix/store/6zvrmsmdg7p8yw3vii20g40b4zsh6kjr-go-1.24.1",
              "default": true
            }
          ],
          "store_path": "/nix/store/6zvrmsmdg7p8yw3vii20g40b4zsh6kjr-go-1.24.1"
        },
        "x86_64-darwin": {
          "outputs": [
            {
              "name": "out",
              "path": "/nix/store/2bcic1xcha2k11djynr488v3pg0nnghr-go-1.24.1",
              "default": true
            }
          ],
          "store_path": "/nix/store/2bcic1xcha2k11djynr488v3pg0nnghr-go-1.24.1"
        },
        "x86_64-linux": {
          "outputs": [
            {
              "name": "out",
              "path": "/nix/store/g29rrn8qqlg4yjqv543ryrkimr7fk43h-go-1.24.1",
              "default": true
            }
          ],
          "store_path": "/nix/store/g29rrn8qqlg4yjqv543ryrkimr7fk43h-go-1.24.1"
        }
      }
    },
    "google-cloud-sdk@latest": {
      "last_modified": "2025-05-16T20:19:48Z",
      "resolved": "github:NixOS/nixpkgs/12a55407652e04dcf2309436eb06fef0d3713ef3#google-cloud-sdk",
      "source": "devbox-search",
      "version": "519.0.0",
      "systems": {
        "aarch64-darwin": {
          "outputs": [
            {
              "name": "out",
              "path": "/nix/store/4xcvvzj8l7yqyy6y5jqz3b4hjdfkmcdn-google-cloud-sdk-519.0.0",
              "default": true
            }
          ],
          "store_path": "/nix/store/4xcvvzj8l7yqyy6y5jqz3b4hjdfkmcdn-google-cloud-sdk-519.0.0"
        },
        "aarch64-linux": {
          "outputs": [
            {
              "name": "out",
              "path": "/nix/store/n8sw91d27fn44rpqghclsdkz5hhlnap8-google-cloud-sdk-519.0.0",
              "default": true
            }
          ],
          "store_path": "/nix/store/n8sw91d27fn44rpqghclsdkz5hhlnap8-google-cloud-sdk-519.0.0"
        },
        "x86_64-darwin": {
          "outputs": [
            {
              "name": "out",
              "path": "/nix/store/g0xihzc90kaymzxj07yrwpj05xkq1p4k-google-cloud-sdk-519.0.0",
              "default": true
            }
          ],
          "store_path": "/nix/store/g0xihzc90kaymzxj07yrwpj05xkq1p4k-google-cloud-sdk-519.0.0"
        },
        "x86_64-linux": {
          "outputs": [
            {
              "name": "out",
              "path": "/nix/store/kd9329md95zg07y6b5q82lxrbnzlywkn-google-cloud-sdk-519.0.0",
              "default": true
            }
          ],
          "store_path": "/nix/store/kd9329md95zg07y6b5q82lxrbnzlywkn-google-cloud-sdk-519.0.0"
        }
      }
    },
    "opentofu@1.9.1": {
      "last_modified": "2025-05-16T20:19:48Z",
      "resolved": "github:NixOS/nixpkgs/12a55407652e04dcf2309436eb06fef0d3713ef3#opentofu",
      "source": "devbox-search",
      "version": "1.9.1",
      "systems": {
        "aarch64-darwin": {
          "outputs": [
            {
              "name": "out",
              "path": "/nix/store/2di6dcym6r232fl7k3fx8k5jgs6hxa1w-opentofu-1.9.1",
              "default": true
            }
          ],
          "store_path": "/nix/store/2di6dcym6r232fl7k3fx8k5jgs6hxa1w-opentofu-1.9.1"
        },
        "aarch64-linux": {
          "outputs": [
            {
              "name": "out",
              "path": "/nix/store/jlrnqb9fv36qrsm6yvr4g2vidsv925xc-opentofu-1.9.1",
              "default": true
            }
          ],
          "store_path": "/nix/store/jlrnqb9fv36qrsm6yvr4g2vidsv925xc-opentofu-1.9.1"
        },
        "x86_64-darwin": {
          "outputs": [
            {
              "name": "out",
              "path": "/nix/store/z26ps20bykay9w5xrdzbml97w0akf1zx-opentofu-1.9.1",
              "default": true
            }
          ],
          "store_path": "/nix/store/z26ps20bykay9w5xrdzbml97w0akf1zx-opentofu-1.9.1"
        },
        "x86_64-linux": {
          "outputs": [
            {
              "name": "out",
              "path": "/nix/store/5azlfblak86zzjsn1fagw8lksb3sz7n0-opentofu-1.9.1",
              "default": true
            }
          ],
          "store_path": "/nix/store/5azlfblak86zzjsn1fagw8lksb3sz7n0-opentofu-1.9.1"
        }
      }
    },
    "tailscale@latest": {
      "last_modified": "2025-05-17T07:32:44Z",
      "resolved": "github:NixOS/nixpkgs/3fcbdcfc707e0aa42c541b7743e05820472bdaec#tailscale",
      "source": "devbox-search",
      "version": "1.82.5",
      "systems": {
        "aarch64-darwin": {
          "outputs": [
            {
              "name": "out",
              "path": "/nix/store/j0y83c1xc2hi9n9j474cgm1ig7sh2sna-tailscale-1.82.5",
              "default": true
            },
            {
              "name": "derper",
              "path": "/nix/store/jvffn4gxcbf3kd8fiflf3a6r40d97nfp-tailscale-1.82.5-derper"
            }
          ],
          "store_path": "/nix/store/j0y83c1xc2hi9n9j474cgm1ig7sh2sna-tailscale-1.82.5"
        },
        "aarch64-linux": {
          "outputs": [
            {
              "name": "out",
              "path": "/nix/store/24d2j14fdmr375bghwrzn097nkk5avn3-tailscale-1.82.5",
              "default": true
            },
            {
              "name": "derper",
              "path": "/nix/store/wl7abwfgpix069b92yagrmryvyi7nlc0-tailscale-1.82.5-derper"
            }
          ],
          "store_path": "/nix/store/24d2j14fdmr375bghwrzn097nkk5avn3-tailscale-1.82.5"
        },
        "x86_64-darwin": {
          "outputs": [
            {
              "name": "out",
              "path": "/nix/store/3xi98jq512k4slizs18pbary2q96ycqi-tailscale-1.82.5",
              "default": true
            },
            {
              "name": "derper",
              "path": "/nix/store/58fgnxy99ay707wj5ar835j19sfs7v1h-tailscale-1.82.5-derper"
            }
          ],
          "store_path": "/nix/store/3xi98jq512k4slizs18pbary2q96ycqi-tailscale-1.82.5"
        },
        "x86_64-linux": {
          "outputs": [
            {
              "name": "out",
              "path": "/nix/store/nmvhir1bpqy58py1kaf7lasybmm304c8-tailscale-1.82.5",
              "default": true
            },
            {
              "name": "derper",
              "path": "/nix/store/6i5sky9v1i0ma85b1v0jivqd736cvx97-tailscale-1.82.5-derper"
            }
          ],
          "store_path": "/nix/store/nmvhir1bpqy58py1kaf7lasybmm304c8-tailscale-1.82.5"
        }
      }
    }
  }
}
